
Microsoft Visual Studio Solution File, Format Version 12.00
# Visual Studio Version 17
VisualStudioVersion = 17.13.35919.96
MinimumVisualStudioVersion = 10.0.40219.1
Project("{2150E333-8FDC-42A3-9474-1A3956D46DE8}") = "1.Presentacion", "1.Presentacion", "{02EA681E-C7D8-13C7-8484-4AC65E1B71E8}"
EndProject
Project("{2150E333-8FDC-42A3-9474-1A3956D46DE8}") = "2.Servicios", "2.Servicios", "{EF5CAD34-4BDE-469A-A18B-D0FA08E5DD6C}"
EndProject
Project("{2150E333-8FDC-42A3-9474-1A3956D46DE8}") = "3.Nucleo", "3.Nucleo", "{6FA1B9BF-FFE4-41E2-A5CE-045BB89F91FE}"
EndProject
Project("{2150E333-8FDC-42A3-9474-1A3956D46DE8}") = "4.Pruebas Unitarias", "4.Pruebas Unitarias", "{47827C80-2839-4045-900A-CBED0EE74603}"
EndProject
Project("{FAE04EC0-301F-11D3-BF4B-00C04F79EFBC}") = "Dominio", "Dominio\Dominio.csproj", "{EC0DCA0D-7C7E-4BFC-81D3-E9B07F3159BC}"
EndProject
Project("{FAE04EC0-301F-11D3-BF4B-00C04F79EFBC}") = "Repositorio", "Repositorio\Repositorio.csproj", "{3EEC43DE-9AB0-4D1C-A06B-924222336CC4}"
EndProject
Project("{FAE04EC0-301F-11D3-BF4B-00C04F79EFBC}") = "ut_presentacion", "ut_presentacion\ut_presentacion.csproj", "{D3A42E3F-64F3-427F-BE5F-D0463417B7D4}"
EndProject
Project("{2150E333-8FDC-42A3-9474-1A3956D46DE8}") = "Elementos de la solución", "Elementos de la solución", "{D107F4C8-89CC-BEA8-D3D7-CA6B7733353D}"
	ProjectSection(SolutionItems) = preProject
		secrets.json = secrets.json
	EndProjectSection
EndProject
Project("{FAE04EC0-301F-11D3-BF4B-00C04F79EFBC}") = "Asp_Servicios", "Asp_Servicios\Asp_Servicios.csproj", "{BDF4060E-33CD-4685-83D2-8606D902E6FA}"
EndProject
Project("{FAE04EC0-301F-11D3-BF4B-00C04F79EFBC}") = "Asp_Presentacion", "Asp_Presentacion\Asp_Presentacion.csproj", "{69317725-D745-43F0-B25F-12B7E9080688}"
EndProject
Project("{FAE04EC0-301F-11D3-BF4B-00C04F79EFBC}") = "lib_presentaciones", "lib_presentaciones\lib_presentaciones.csproj", "{FF1AAA51-57AB-49E2-9105-77DBEE294229}"
EndProject
Global
	GlobalSection(SolutionConfigurationPlatforms) = preSolution
		Debug|Any CPU = Debug|Any CPU
		Release|Any CPU = Release|Any CPU
	EndGlobalSection
	GlobalSection(ProjectConfigurationPlatforms) = postSolution
		{EC0DCA0D-7C7E-4BFC-81D3-E9B07F3159BC}.Debug|Any CPU.ActiveCfg = Debug|Any CPU
		{EC0DCA0D-7C7E-4BFC-81D3-E9B07F3159BC}.Debug|Any CPU.Build.0 = Debug|Any CPU
		{EC0DCA0D-7C7E-4BFC-81D3-E9B07F3159BC}.Release|Any CPU.ActiveCfg = Release|Any CPU
		{EC0DCA0D-7C7E-4BFC-81D3-E9B07F3159BC}.Release|Any CPU.Build.0 = Release|Any CPU
		{3EEC43DE-9AB0-4D1C-A06B-924222336CC4}.Debug|Any CPU.ActiveCfg = Debug|Any CPU
		{3EEC43DE-9AB0-4D1C-A06B-924222336CC4}.Debug|Any CPU.Build.0 = Debug|Any CPU
		{3EEC43DE-9AB0-4D1C-A06B-924222336CC4}.Release|Any CPU.ActiveCfg = Release|Any CPU
		{3EEC43DE-9AB0-4D1C-A06B-924222336CC4}.Release|Any CPU.Build.0 = Release|Any CPU
		{D3A42E3F-64F3-427F-BE5F-D0463417B7D4}.Debug|Any CPU.ActiveCfg = Debug|Any CPU
		{D3A42E3F-64F3-427F-BE5F-D0463417B7D4}.Debug|Any CPU.Build.0 = Debug|Any CPU
		{D3A42E3F-64F3-427F-BE5F-D0463417B7D4}.Release|Any CPU.ActiveCfg = Release|Any CPU
		{D3A42E3F-64F3-427F-BE5F-D0463417B7D4}.Release|Any CPU.Build.0 = Release|Any CPU
		{BDF4060E-33CD-4685-83D2-8606D902E6FA}.Debug|Any CPU.ActiveCfg = Debug|Any CPU
		{BDF4060E-33CD-4685-83D2-8606D902E6FA}.Debug|Any CPU.Build.0 = Debug|Any CPU
		{BDF4060E-33CD-4685-83D2-8606D902E6FA}.Release|Any CPU.ActiveCfg = Release|Any CPU
		{BDF4060E-33CD-4685-83D2-8606D902E6FA}.Release|Any CPU.Build.0 = Release|Any CPU
		{69317725-D745-43F0-B25F-12B7E9080688}.Debug|Any CPU.ActiveCfg = Debug|Any CPU
		{69317725-D745-43F0-B25F-12B7E9080688}.Debug|Any CPU.Build.0 = Debug|Any CPU
		{69317725-D745-43F0-B25F-12B7E9080688}.Release|Any CPU.ActiveCfg = Release|Any CPU
		{69317725-D745-43F0-B25F-12B7E9080688}.Release|Any CPU.Build.0 = Release|Any CPU
		{FF1AAA51-57AB-49E2-9105-77DBEE294229}.Debug|Any CPU.ActiveCfg = Debug|Any CPU
		{FF1AAA51-57AB-49E2-9105-77DBEE294229}.Debug|Any CPU.Build.0 = Debug|Any CPU
		{FF1AAA51-57AB-49E2-9105-77DBEE294229}.Release|Any CPU.ActiveCfg = Release|Any CPU
		{FF1AAA51-57AB-49E2-9105-77DBEE294229}.Release|Any CPU.Build.0 = Release|Any CPU
	EndGlobalSection
	GlobalSection(SolutionProperties) = preSolution
		HideSolutionNode = FALSE
	EndGlobalSection
	GlobalSection(NestedProjects) = preSolution
		{EC0DCA0D-7C7E-4BFC-81D3-E9B07F3159BC} = {6FA1B9BF-FFE4-41E2-A5CE-045BB89F91FE}
		{3EEC43DE-9AB0-4D1C-A06B-924222336CC4} = {EF5CAD34-4BDE-469A-A18B-D0FA08E5DD6C}
		{D3A42E3F-64F3-427F-BE5F-D0463417B7D4} = {47827C80-2839-4045-900A-CBED0EE74603}
		{BDF4060E-33CD-4685-83D2-8606D902E6FA} = {EF5CAD34-4BDE-469A-A18B-D0FA08E5DD6C}
		{69317725-D745-43F0-B25F-12B7E9080688} = {02EA681E-C7D8-13C7-8484-4AC65E1B71E8}
		{FF1AAA51-57AB-49E2-9105-77DBEE294229} = {02EA681E-C7D8-13C7-8484-4AC65E1B71E8}
	EndGlobalSection
	GlobalSection(ExtensibilityGlobals) = postSolution
		SolutionGuid = {65C1664F-2739-4FC9-94F1-3E558A0BBE20}
	EndGlobalSection
EndGlobal
